
Microsoft Visual Studio Solution File, Format Version 12.00
# Visual Studio Version 16
VisualStudioVersion = 16.0.29806.167
MinimumVisualStudioVersion = 10.0.40219.1
Project("{FAE04EC0-301F-11D3-BF4B-00C04F79EFBC}") = "ASP_MEGA_PROJECT_", "ASP_MEGA_PROJECT_\ASP_MEGA_PROJECT_.csproj", "{24E3A6F4-F75D-4DF6-84B1-FEF6DDBF070C}"
EndProject
Project("{FAE04EC0-301F-11D3-BF4B-00C04F79EFBC}") = "WpfApp1", "WpfApp1\WpfApp1.csproj", "{0CD82108-CB92-4AA3-8652-4BEF735CECFB}"
EndProject
Global
	GlobalSection(SolutionConfigurationPlatforms) = preSolution
		Debug|Any CPU = Debug|Any CPU
		Release|Any CPU = Release|Any CPU
	EndGlobalSection
	GlobalSection(ProjectConfigurationPlatforms) = postSolution
		{24E3A6F4-F75D-4DF6-84B1-FEF6DDBF070C}.Debug|Any CPU.ActiveCfg = Debug|Any CPU
		{24E3A6F4-F75D-4DF6-84B1-FEF6DDBF070C}.Debug|Any CPU.Build.0 = Debug|Any CPU
		{24E3A6F4-F75D-4DF6-84B1-FEF6DDBF070C}.Release|Any CPU.ActiveCfg = Release|Any CPU
		{24E3A6F4-F75D-4DF6-84B1-FEF6DDBF070C}.Release|Any CPU.Build.0 = Release|Any CPU
		{0CD82108-CB92-4AA3-8652-4BEF735CECFB}.Debug|Any CPU.ActiveCfg = Debug|Any CPU
		{0CD82108-CB92-4AA3-8652-4BEF735CECFB}.Debug|Any CPU.Build.0 = Debug|Any CPU
		{0CD82108-CB92-4AA3-8652-4BEF735CECFB}.Release|Any CPU.ActiveCfg = Release|Any CPU
		{0CD82108-CB92-4AA3-8652-4BEF735CECFB}.Release|Any CPU.Build.0 = Release|Any CPU
	EndGlobalSection
	GlobalSection(SolutionProperties) = preSolution
		HideSolutionNode = FALSE
	EndGlobalSection
	GlobalSection(ExtensibilityGlobals) = postSolution
		SolutionGuid = {1424438E-E6C7-4D3A-B502-0041B96FCBF3}
	EndGlobalSection
EndGlobal
